// !$*UTF8*$!
{
	archiveVersion = 1;
	classes = {
	};
	objectVersion = 55;
	objects = {

/* Begin PBXBuildFile section */
		9ACFB24529E568E800BB2A7C /* AppDelegate.swift in Sources */ = {isa = PBXBuildFile; fileRef = 9ACFB24429E568E800BB2A7C /* AppDelegate.swift */; };
		9ACFB24729E568E800BB2A7C /* SceneDelegate.swift in Sources */ = {isa = PBXBuildFile; fileRef = 9ACFB24629E568E800BB2A7C /* SceneDelegate.swift */; };
		9ACFB24929E568E800BB2A7C /* ViewController.swift in Sources */ = {isa = PBXBuildFile; fileRef = 9ACFB24829E568E800BB2A7C /* ViewController.swift */; };
		9ACFB24C29E568E800BB2A7C /* Main.storyboard in Resources */ = {isa = PBXBuildFile; fileRef = 9ACFB24A29E568E800BB2A7C /* Main.storyboard */; };
		9ACFB24E29E568EA00BB2A7C /* Assets.xcassets in Resources */ = {isa = PBXBuildFile; fileRef = 9ACFB24D29E568EA00BB2A7C /* Assets.xcassets */; };
		9ACFB25129E568EA00BB2A7C /* LaunchScreen.storyboard in Resources */ = {isa = PBXBuildFile; fileRef = 9ACFB24F29E568EA00BB2A7C /* LaunchScreen.storyboard */; };
		9ACFB25A29E569F300BB2A7C /* AccountViewController.swift in Sources */ = {isa = PBXBuildFile; fileRef = 9ACFB25929E569F300BB2A7C /* AccountViewController.swift */; };
		9ACFB25C29E56A1000BB2A7C /* CartViewController.swift in Sources */ = {isa = PBXBuildFile; fileRef = 9ACFB25B29E56A1000BB2A7C /* CartViewController.swift */; };
		9ACFB25E29E56A3400BB2A7C /* FirstView.swift in Sources */ = {isa = PBXBuildFile; fileRef = 9ACFB25D29E56A3400BB2A7C /* FirstView.swift */; };
		9ACFB26129E56A5B00BB2A7C /* CartView.swift in Sources */ = {isa = PBXBuildFile; fileRef = 9ACFB26029E56A5B00BB2A7C /* CartView.swift */; };
		9ACFB26329E56A6E00BB2A7C /* AccountView.swift in Sources */ = {isa = PBXBuildFile; fileRef = 9ACFB26229E56A6E00BB2A7C /* AccountView.swift */; };
		9ACFB26529E56AA000BB2A7C /* ProductCollectionViewCell.swift in Sources */ = {isa = PBXBuildFile; fileRef = 9ACFB26429E56AA000BB2A7C /* ProductCollectionViewCell.swift */; };
		9ACFB26729E56C0500BB2A7C /* ProductArray.swift in Sources */ = {isa = PBXBuildFile; fileRef = 9ACFB26629E56C0500BB2A7C /* ProductArray.swift */; };
		9ACFB26A29E56C4000BB2A7C /* Products.swift in Sources */ = {isa = PBXBuildFile; fileRef = 9ACFB26929E56C4000BB2A7C /* Products.swift */; };
		9ACFB26C29E56CB100BB2A7C /* ImageDownloader.swift in Sources */ = {isa = PBXBuildFile; fileRef = 9ACFB26B29E56CB100BB2A7C /* ImageDownloader.swift */; };
		9ACFB26E29E5799E00BB2A7C /* CartWithItemView.swift in Sources */ = {isa = PBXBuildFile; fileRef = 9ACFB26D29E5799E00BB2A7C /* CartWithItemView.swift */; };
		9ACFB27029E57DB800BB2A7C /* CartCell.swift in Sources */ = {isa = PBXBuildFile; fileRef = 9ACFB26F29E57DB800BB2A7C /* CartCell.swift */; };
		9ACFB27229E5860000BB2A7C /* Cart.swift in Sources */ = {isa = PBXBuildFile; fileRef = 9ACFB27129E5860000BB2A7C /* Cart.swift */; };
/* End PBXBuildFile section */

/* Begin PBXFileReference section */
		9ACFB24129E568E800BB2A7C /* MiniShoppingApp.app */ = {isa = PBXFileReference; explicitFileType = wrapper.application; includeInIndex = 0; path = MiniShoppingApp.app; sourceTree = BUILT_PRODUCTS_DIR; };
		9ACFB24429E568E800BB2A7C /* AppDelegate.swift */ = {isa = PBXFileReference; lastKnownFileType = sourcecode.swift; path = AppDelegate.swift; sourceTree = "<group>"; };
		9ACFB24629E568E800BB2A7C /* SceneDelegate.swift */ = {isa = PBXFileReference; lastKnownFileType = sourcecode.swift; path = SceneDelegate.swift; sourceTree = "<group>"; };
		9ACFB24829E568E800BB2A7C /* ViewController.swift */ = {isa = PBXFileReference; lastKnownFileType = sourcecode.swift; path = ViewController.swift; sourceTree = "<group>"; };
		9ACFB24B29E568E800BB2A7C /* Base */ = {isa = PBXFileReference; lastKnownFileType = file.storyboard; name = Base; path = Base.lproj/Main.storyboard; sourceTree = "<group>"; };
		9ACFB24D29E568EA00BB2A7C /* Assets.xcassets */ = {isa = PBXFileReference; lastKnownFileType = folder.assetcatalog; path = Assets.xcassets; sourceTree = "<group>"; };
		9ACFB25029E568EA00BB2A7C /* Base */ = {isa = PBXFileReference; lastKnownFileType = file.storyboard; name = Base; path = Base.lproj/LaunchScreen.storyboard; sourceTree = "<group>"; };
		9ACFB25229E568EA00BB2A7C /* Info.plist */ = {isa = PBXFileReference; lastKnownFileType = text.plist.xml; path = Info.plist; sourceTree = "<group>"; };
		9ACFB25929E569F300BB2A7C /* AccountViewController.swift */ = {isa = PBXFileReference; lastKnownFileType = sourcecode.swift; path = AccountViewController.swift; sourceTree = "<group>"; };
		9ACFB25B29E56A1000BB2A7C /* CartViewController.swift */ = {isa = PBXFileReference; lastKnownFileType = sourcecode.swift; path = CartViewController.swift; sourceTree = "<group>"; };
		9ACFB25D29E56A3400BB2A7C /* FirstView.swift */ = {isa = PBXFileReference; lastKnownFileType = sourcecode.swift; path = FirstView.swift; sourceTree = "<group>"; };
		9ACFB26029E56A5B00BB2A7C /* CartView.swift */ = {isa = PBXFileReference; lastKnownFileType = sourcecode.swift; path = CartView.swift; sourceTree = "<group>"; };
		9ACFB26229E56A6E00BB2A7C /* AccountView.swift */ = {isa = PBXFileReference; lastKnownFileType = sourcecode.swift; path = AccountView.swift; sourceTree = "<group>"; };
		9ACFB26429E56AA000BB2A7C /* ProductCollectionViewCell.swift */ = {isa = PBXFileReference; lastKnownFileType = sourcecode.swift; path = ProductCollectionViewCell.swift; sourceTree = "<group>"; };
		9ACFB26629E56C0500BB2A7C /* ProductArray.swift */ = {isa = PBXFileReference; lastKnownFileType = sourcecode.swift; path = ProductArray.swift; sourceTree = "<group>"; };
		9ACFB26929E56C4000BB2A7C /* Products.swift */ = {isa = PBXFileReference; lastKnownFileType = sourcecode.swift; path = Products.swift; sourceTree = "<group>"; };
		9ACFB26B29E56CB100BB2A7C /* ImageDownloader.swift */ = {isa = PBXFileReference; lastKnownFileType = sourcecode.swift; path = ImageDownloader.swift; sourceTree = "<group>"; };
		9ACFB26D29E5799E00BB2A7C /* CartWithItemView.swift */ = {isa = PBXFileReference; lastKnownFileType = sourcecode.swift; path = CartWithItemView.swift; sourceTree = "<group>"; };
		9ACFB26F29E57DB800BB2A7C /* CartCell.swift */ = {isa = PBXFileReference; lastKnownFileType = sourcecode.swift; path = CartCell.swift; sourceTree = "<group>"; };
		9ACFB27129E5860000BB2A7C /* Cart.swift */ = {isa = PBXFileReference; lastKnownFileType = sourcecode.swift; path = Cart.swift; sourceTree = "<group>"; };
/* End PBXFileReference section */

/* Begin PBXFrameworksBuildPhase section */
		9ACFB23E29E568E800BB2A7C /* Frameworks */ = {
			isa = PBXFrameworksBuildPhase;
			buildActionMask = 2147483647;
			files = (
			);
			runOnlyForDeploymentPostprocessing = 0;
		};
/* End PBXFrameworksBuildPhase section */

/* Begin PBXGroup section */
		9ACFB23829E568E800BB2A7C = {
			isa = PBXGroup;
			children = (
				9ACFB24329E568E800BB2A7C /* MiniShoppingApp */,
				9ACFB24229E568E800BB2A7C /* Products */,
			);
			sourceTree = "<group>";
		};
		9ACFB24229E568E800BB2A7C /* Products */ = {
			isa = PBXGroup;
			children = (
				9ACFB24129E568E800BB2A7C /* MiniShoppingApp.app */,
			);
			name = Products;
			sourceTree = "<group>";
		};
		9ACFB24329E568E800BB2A7C /* MiniShoppingApp */ = {
			isa = PBXGroup;
			children = (
				9ACFB24429E568E800BB2A7C /* AppDelegate.swift */,
				9ACFB24629E568E800BB2A7C /* SceneDelegate.swift */,
				9ACFB26829E56C2600BB2A7C /* Model */,
				9ACFB25F29E56A3D00BB2A7C /* View */,
				9ACFB25829E5699300BB2A7C /* Controller */,
				9ACFB24D29E568EA00BB2A7C /* Assets.xcassets */,
				9ACFB24F29E568EA00BB2A7C /* LaunchScreen.storyboard */,
				9ACFB25229E568EA00BB2A7C /* Info.plist */,
			);
			path = MiniShoppingApp;
			sourceTree = "<group>";
		};
		9ACFB25829E5699300BB2A7C /* Controller */ = {
			isa = PBXGroup;
			children = (
				9ACFB24829E568E800BB2A7C /* ViewController.swift */,
				9ACFB25929E569F300BB2A7C /* AccountViewController.swift */,
				9ACFB25B29E56A1000BB2A7C /* CartViewController.swift */,
			);
			path = Controller;
			sourceTree = "<group>";
		};
		9ACFB25F29E56A3D00BB2A7C /* View */ = {
			isa = PBXGroup;
			children = (
				9ACFB25D29E56A3400BB2A7C /* FirstView.swift */,
				9ACFB26429E56AA000BB2A7C /* ProductCollectionViewCell.swift */,
				9ACFB26F29E57DB800BB2A7C /* CartCell.swift */,
				9ACFB26029E56A5B00BB2A7C /* CartView.swift */,
				9ACFB26229E56A6E00BB2A7C /* AccountView.swift */,
				9ACFB26D29E5799E00BB2A7C /* CartWithItemView.swift */,
				9ACFB24A29E568E800BB2A7C /* Main.storyboard */,
			);
			path = View;
			sourceTree = "<group>";
		};
		9ACFB26829E56C2600BB2A7C /* Model */ = {
			isa = PBXGroup;
			children = (
				9ACFB26629E56C0500BB2A7C /* ProductArray.swift */,
				9ACFB27129E5860000BB2A7C /* Cart.swift */,
				9ACFB26929E56C4000BB2A7C /* Products.swift */,
				9ACFB26B29E56CB100BB2A7C /* ImageDownloader.swift */,
			);
			path = Model;
			sourceTree = "<group>";
		};
/* End PBXGroup section */

/* Begin PBXNativeTarget section */
		9ACFB24029E568E800BB2A7C /* MiniShoppingApp */ = {
			isa = PBXNativeTarget;
			buildConfigurationList = 9ACFB25529E568EA00BB2A7C /* Build configuration list for PBXNativeTarget "MiniShoppingApp" */;
			buildPhases = (
				9ACFB23D29E568E800BB2A7C /* Sources */,
				9ACFB23E29E568E800BB2A7C /* Frameworks */,
				9ACFB23F29E568E800BB2A7C /* Resources */,
			);
			buildRules = (
			);
			dependencies = (
			);
			name = MiniShoppingApp;
			productName = MiniShoppingApp;
			productReference = 9ACFB24129E568E800BB2A7C /* MiniShoppingApp.app */;
			productType = "com.apple.product-type.application";
		};
/* End PBXNativeTarget section */

/* Begin PBXProject section */
		9ACFB23929E568E800BB2A7C /* Project object */ = {
			isa = PBXProject;
			attributes = {
				BuildIndependentTargetsInParallel = 1;
				LastSwiftUpdateCheck = 1300;
				LastUpgradeCheck = 1300;
				TargetAttributes = {
					9ACFB24029E568E800BB2A7C = {
						CreatedOnToolsVersion = 13.0;
					};
				};
			};
			buildConfigurationList = 9ACFB23C29E568E800BB2A7C /* Build configuration list for PBXProject "MiniShoppingApp" */;
			compatibilityVersion = "Xcode 13.0";
			developmentRegion = en;
			hasScannedForEncodings = 0;
			knownRegions = (
				en,
				Base,
			);
			mainGroup = 9ACFB23829E568E800BB2A7C;
			productRefGroup = 9ACFB24229E568E800BB2A7C /* Products */;
			projectDirPath = "";
			projectRoot = "";
			targets = (
				9ACFB24029E568E800BB2A7C /* MiniShoppingApp */,
			);
		};
/* End PBXProject section */

/* Begin PBXResourcesBuildPhase section */
		9ACFB23F29E568E800BB2A7C /* Resources */ = {
			isa = PBXResourcesBuildPhase;
			buildActionMask = 2147483647;
			files = (
				9ACFB25129E568EA00BB2A7C /* LaunchScreen.storyboard in Resources */,
				9ACFB24E29E568EA00BB2A7C /* Assets.xcassets in Resources */,
				9ACFB24C29E568E800BB2A7C /* Main.storyboard in Resources */,
			);
			runOnlyForDeploymentPostprocessing = 0;
		};
/* End PBXResourcesBuildPhase section */

/* Begin PBXSourcesBuildPhase section */
		9ACFB23D29E568E800BB2A7C /* Sources */ = {
			isa = PBXSourcesBuildPhase;
			buildActionMask = 2147483647;
			files = (
				9ACFB24929E568E800BB2A7C /* ViewController.swift in Sources */,
				9ACFB26129E56A5B00BB2A7C /* CartView.swift in Sources */,
				9ACFB25E29E56A3400BB2A7C /* FirstView.swift in Sources */,
				9ACFB24529E568E800BB2A7C /* AppDelegate.swift in Sources */,
				9ACFB26329E56A6E00BB2A7C /* AccountView.swift in Sources */,
				9ACFB26A29E56C4000BB2A7C /* Products.swift in Sources */,
				9ACFB26E29E5799E00BB2A7C /* CartWithItemView.swift in Sources */,
				9ACFB27229E5860000BB2A7C /* Cart.swift in Sources */,
				9ACFB25C29E56A1000BB2A7C /* CartViewController.swift in Sources */,
				9ACFB25A29E569F300BB2A7C /* AccountViewController.swift in Sources */,
				9ACFB27029E57DB800BB2A7C /* CartCell.swift in Sources */,
				9ACFB26529E56AA000BB2A7C /* ProductCollectionViewCell.swift in Sources */,
				9ACFB24729E568E800BB2A7C /* SceneDelegate.swift in Sources */,
				9ACFB26C29E56CB100BB2A7C /* ImageDownloader.swift in Sources */,
				9ACFB26729E56C0500BB2A7C /* ProductArray.swift in Sources */,
			);
			runOnlyForDeploymentPostprocessing = 0;
		};
/* End PBXSourcesBuildPhase section */

/* Begin PBXVariantGroup section */
		9ACFB24A29E568E800BB2A7C /* Main.storyboard */ = {
			isa = PBXVariantGroup;
			children = (
				9ACFB24B29E568E800BB2A7C /* Base */,
			);
			name = Main.storyboard;
			sourceTree = "<group>";
		};
		9ACFB24F29E568EA00BB2A7C /* LaunchScreen.storyboard */ = {
			isa = PBXVariantGroup;
			children = (
				9ACFB25029E568EA00BB2A7C /* Base */,
			);
			name = LaunchScreen.storyboard;
			sourceTree = "<group>";
		};
/* End PBXVariantGroup section */

/* Begin XCBuildConfiguration section */
		9ACFB25329E568EA00BB2A7C /* Debug */ = {
			isa = XCBuildConfiguration;
			buildSettings = {
				ALWAYS_SEARCH_USER_PATHS = NO;
				CLANG_ANALYZER_NONNULL = YES;
				CLANG_ANALYZER_NUMBER_OBJECT_CONVERSION = YES_AGGRESSIVE;
				CLANG_CXX_LANGUAGE_STANDARD = "gnu++17";
				CLANG_CXX_LIBRARY = "libc++";
				CLANG_ENABLE_MODULES = YES;
				CLANG_ENABLE_OBJC_ARC = YES;
				CLANG_ENABLE_OBJC_WEAK = YES;
				CLANG_WARN_BLOCK_CAPTURE_AUTORELEASING = YES;
				CLANG_WARN_BOOL_CONVERSION = YES;
				CLANG_WARN_COMMA = YES;
				CLANG_WARN_CONSTANT_CONVERSION = YES;
				CLANG_WARN_DEPRECATED_OBJC_IMPLEMENTATIONS = YES;
				CLANG_WARN_DIRECT_OBJC_ISA_USAGE = YES_ERROR;
				CLANG_WARN_DOCUMENTATION_COMMENTS = YES;
				CLANG_WARN_EMPTY_BODY = YES;
				CLANG_WARN_ENUM_CONVERSION = YES;
				CLANG_WARN_INFINITE_RECURSION = YES;
				CLANG_WARN_INT_CONVERSION = YES;
				CLANG_WARN_NON_LITERAL_NULL_CONVERSION = YES;
				CLANG_WARN_OBJC_IMPLICIT_RETAIN_SELF = YES;
				CLANG_WARN_OBJC_LITERAL_CONVERSION = YES;
				CLANG_WARN_OBJC_ROOT_CLASS = YES_ERROR;
				CLANG_WARN_QUOTED_INCLUDE_IN_FRAMEWORK_HEADER = YES;
				CLANG_WARN_RANGE_LOOP_ANALYSIS = YES;
				CLANG_WARN_STRICT_PROTOTYPES = YES;
				CLANG_WARN_SUSPICIOUS_MOVE = YES;
				CLANG_WARN_UNGUARDED_AVAILABILITY = YES_AGGRESSIVE;
				CLANG_WARN_UNREACHABLE_CODE = YES;
				CLANG_WARN__DUPLICATE_METHOD_MATCH = YES;
				COPY_PHASE_STRIP = NO;
				DEBUG_INFORMATION_FORMAT = dwarf;
				ENABLE_STRICT_OBJC_MSGSEND = YES;
				ENABLE_TESTABILITY = YES;
				GCC_C_LANGUAGE_STANDARD = gnu11;
				GCC_DYNAMIC_NO_PIC = NO;
				GCC_NO_COMMON_BLOCKS = YES;
				GCC_OPTIMIZATION_LEVEL = 0;
				GCC_PREPROCESSOR_DEFINITIONS = (
					"DEBUG=1",
					"$(inherited)",
				);
				GCC_WARN_64_TO_32_BIT_CONVERSION = YES;
				GCC_WARN_ABOUT_RETURN_TYPE = YES_ERROR;
				GCC_WARN_UNDECLARED_SELECTOR = YES;
				GCC_WARN_UNINITIALIZED_AUTOS = YES_AGGRESSIVE;
				GCC_WARN_UNUSED_FUNCTION = YES;
				GCC_WARN_UNUSED_VARIABLE = YES;
				IPHONEOS_DEPLOYMENT_TARGET = 15.0;
				MTL_ENABLE_DEBUG_INFO = INCLUDE_SOURCE;
				MTL_FAST_MATH = YES;
				ONLY_ACTIVE_ARCH = YES;
				SDKROOT = iphoneos;
				SWIFT_ACTIVE_COMPILATION_CONDITIONS = DEBUG;
				SWIFT_OPTIMIZATION_LEVEL = "-Onone";
			};
			name = Debug;
		};
		9ACFB25429E568EA00BB2A7C /* Release */ = {
			isa = XCBuildConfiguration;
			buildSettings = {
				ALWAYS_SEARCH_USER_PATHS = NO;
				CLANG_ANALYZER_NONNULL = YES;
				CLANG_ANALYZER_NUMBER_OBJECT_CONVERSION = YES_AGGRESSIVE;
				CLANG_CXX_LANGUAGE_STANDARD = "gnu++17";
				CLANG_CXX_LIBRARY = "libc++";
				CLANG_ENABLE_MODULES = YES;
				CLANG_ENABLE_OBJC_ARC = YES;
				CLANG_ENABLE_OBJC_WEAK = YES;
				CLANG_WARN_BLOCK_CAPTURE_AUTORELEASING = YES;
				CLANG_WARN_BOOL_CONVERSION = YES;
				CLANG_WARN_COMMA = YES;
				CLANG_WARN_CONSTANT_CONVERSION = YES;
				CLANG_WARN_DEPRECATED_OBJC_IMPLEMENTATIONS = YES;
				CLANG_WARN_DIRECT_OBJC_ISA_USAGE = YES_ERROR;
				CLANG_WARN_DOCUMENTATION_COMMENTS = YES;
				CLANG_WARN_EMPTY_BODY = YES;
				CLANG_WARN_ENUM_CONVERSION = YES;
				CLANG_WARN_INFINITE_RECURSION = YES;
				CLANG_WARN_INT_CONVERSION = YES;
				CLANG_WARN_NON_LITERAL_NULL_CONVERSION = YES;
				CLANG_WARN_OBJC_IMPLICIT_RETAIN_SELF = YES;
				CLANG_WARN_OBJC_LITERAL_CONVERSION = YES;
				CLANG_WARN_OBJC_ROOT_CLASS = YES_ERROR;
				CLANG_WARN_QUOTED_INCLUDE_IN_FRAMEWORK_HEADER = YES;
				CLANG_WARN_RANGE_LOOP_ANALYSIS = YES;
				CLANG_WARN_STRICT_PROTOTYPES = YES;
				CLANG_WARN_SUSPICIOUS_MOVE = YES;
				CLANG_WARN_UNGUARDED_AVAILABILITY = YES_AGGRESSIVE;
				CLANG_WARN_UNREACHABLE_CODE = YES;
				CLANG_WARN__DUPLICATE_METHOD_MATCH = YES;
				COPY_PHASE_STRIP = NO;
				DEBUG_INFORMATION_FORMAT = "dwarf-with-dsym";
				ENABLE_NS_ASSERTIONS = NO;
				ENABLE_STRICT_OBJC_MSGSEND = YES;
				GCC_C_LANGUAGE_STANDARD = gnu11;
				GCC_NO_COMMON_BLOCKS = YES;
				GCC_WARN_64_TO_32_BIT_CONVERSION = YES;
				GCC_WARN_ABOUT_RETURN_TYPE = YES_ERROR;
				GCC_WARN_UNDECLARED_SELECTOR = YES;
				GCC_WARN_UNINITIALIZED_AUTOS = YES_AGGRESSIVE;
				GCC_WARN_UNUSED_FUNCTION = YES;
				GCC_WARN_UNUSED_VARIABLE = YES;
				IPHONEOS_DEPLOYMENT_TARGET = 15.0;
				MTL_ENABLE_DEBUG_INFO = NO;
				MTL_FAST_MATH = YES;
				SDKROOT = iphoneos;
				SWIFT_COMPILATION_MODE = wholemodule;
				SWIFT_OPTIMIZATION_LEVEL = "-O";
				VALIDATE_PRODUCT = YES;
			};
			name = Release;
		};
		9ACFB25629E568EA00BB2A7C /* Debug */ = {
			isa = XCBuildConfiguration;
			buildSettings = {
				ASSETCATALOG_COMPILER_APPICON_NAME = AppIcon;
				ASSETCATALOG_COMPILER_GLOBAL_ACCENT_COLOR_NAME = AccentColor;
				CODE_SIGN_STYLE = Automatic;
				CURRENT_PROJECT_VERSION = 1;
				GENERATE_INFOPLIST_FILE = YES;
				INFOPLIST_FILE = MiniShoppingApp/Info.plist;
				INFOPLIST_KEY_UIApplicationSupportsIndirectInputEvents = YES;
				INFOPLIST_KEY_UILaunchStoryboardName = LaunchScreen;
				INFOPLIST_KEY_UIMainStoryboardFile = Main;
				INFOPLIST_KEY_UISupportedInterfaceOrientations_iPad = "UIInterfaceOrientationPortrait UIInterfaceOrientationPortraitUpsideDown UIInterfaceOrientationLandscapeLeft UIInterfaceOrientationLandscapeRight";
				INFOPLIST_KEY_UISupportedInterfaceOrientations_iPhone = "UIInterfaceOrientationPortrait UIInterfaceOrientationLandscapeLeft UIInterfaceOrientationLandscapeRight";
				LD_RUNPATH_SEARCH_PATHS = (
					"$(inherited)",
					"@executable_path/Frameworks",
				);
				MARKETING_VERSION = 1.0;
				PRODUCT_BUNDLE_IDENTIFIER = com.gaurav.MiniShoppingApp;
				PRODUCT_NAME = "$(TARGET_NAME)";
				SWIFT_EMIT_LOC_STRINGS = YES;
				SWIFT_VERSION = 5.0;
				TARGETED_DEVICE_FAMILY = "1,2";
			};
			name = Debug;
		};
		9ACFB25729E568EA00BB2A7C /* Release */ = {
			isa = XCBuildConfiguration;
			buildSettings = {
				ASSETCATALOG_COMPILER_APPICON_NAME = AppIcon;
				ASSETCATALOG_COMPILER_GLOBAL_ACCENT_COLOR_NAME = AccentColor;
				CODE_SIGN_STYLE = Automatic;
				CURRENT_PROJECT_VERSION = 1;
				GENERATE_INFOPLIST_FILE = YES;
				INFOPLIST_FILE = MiniShoppingApp/Info.plist;
				INFOPLIST_KEY_UIApplicationSupportsIndirectInputEvents = YES;
				INFOPLIST_KEY_UILaunchStoryboardName = LaunchScreen;
				INFOPLIST_KEY_UIMainStoryboardFile = Main;
				INFOPLIST_KEY_UISupportedInterfaceOrientations_iPad = "UIInterfaceOrientationPortrait UIInterfaceOrientationPortraitUpsideDown UIInterfaceOrientationLandscapeLeft UIInterfaceOrientationLandscapeRight";
				INFOPLIST_KEY_UISupportedInterfaceOrientations_iPhone = "UIInterfaceOrientationPortrait UIInterfaceOrientationLandscapeLeft UIInterfaceOrientationLandscapeRight";
				LD_RUNPATH_SEARCH_PATHS = (
					"$(inherited)",
					"@executable_path/Frameworks",
				);
				MARKETING_VERSION = 1.0;
				PRODUCT_BUNDLE_IDENTIFIER = com.gaurav.MiniShoppingApp;
				PRODUCT_NAME = "$(TARGET_NAME)";
				SWIFT_EMIT_LOC_STRINGS = YES;
				SWIFT_VERSION = 5.0;
				TARGETED_DEVICE_FAMILY = "1,2";
			};
			name = Release;
		};
/* End XCBuildConfiguration section */

/* Begin XCConfigurationList section */
		9ACFB23C29E568E800BB2A7C /* Build configuration list for PBXProject "MiniShoppingApp" */ = {
			isa = XCConfigurationList;
			buildConfigurations = (
				9ACFB25329E568EA00BB2A7C /* Debug */,
				9ACFB25429E568EA00BB2A7C /* Release */,
			);
			defaultConfigurationIsVisible = 0;
			defaultConfigurationName = Release;
		};
		9ACFB25529E568EA00BB2A7C /* Build configuration list for PBXNativeTarget "MiniShoppingApp" */ = {
			isa = XCConfigurationList;
			buildConfigurations = (
				9ACFB25629E568EA00BB2A7C /* Debug */,
				9ACFB25729E568EA00BB2A7C /* Release */,
			);
			defaultConfigurationIsVisible = 0;
			defaultConfigurationName = Release;
		};
/* End XCConfigurationList section */
	};
	rootObject = 9ACFB23929E568E800BB2A7C /* Project object */;
}
